
Microsoft Visual Studio Solution File, Format Version 12.00
# Visual Studio 14
VisualStudioVersion = 14.0.24720.0
MinimumVisualStudioVersion = 10.0.40219.1
Project("{2150E333-8FDC-42A3-9474-1A3956D46DE8}") = "src", "src", "{4820671F-E71C-4C19-AE73-CDB009581445}"
EndProject
Project("{2150E333-8FDC-42A3-9474-1A3956D46DE8}") = "Solution Items", "Solution Items", "{46BC7782-D36B-42A6-A2EC-853BC01F753D}"
	ProjectSection(SolutionItems) = preProject
		global.json = global.json
	EndProjectSection
EndProject
Project("{F2A71F9B-5D33-465A-A702-920D77279786}") = "BisectionWeb", "Application1\BisectionWeb.fsproj", "{863DD8FE-02DB-4D10-BAD1-5CD1D7FE4F95}"
EndProject
Global
	GlobalSection(SolutionConfigurationPlatforms) = preSolution
		Debug|Any CPU = Debug|Any CPU
		Release|Any CPU = Release|Any CPU
	EndGlobalSection
	GlobalSection(ProjectConfigurationPlatforms) = postSolution
		{863DD8FE-02DB-4D10-BAD1-5CD1D7FE4F95}.Debug|Any CPU.ActiveCfg = Debug|Any CPU
		{863DD8FE-02DB-4D10-BAD1-5CD1D7FE4F95}.Debug|Any CPU.Build.0 = Debug|Any CPU
		{863DD8FE-02DB-4D10-BAD1-5CD1D7FE4F95}.Release|Any CPU.ActiveCfg = Release|Any CPU
		{863DD8FE-02DB-4D10-BAD1-5CD1D7FE4F95}.Release|Any CPU.Build.0 = Release|Any CPU
	EndGlobalSection
	GlobalSection(SolutionProperties) = preSolution
		HideSolutionNode = FALSE
	EndGlobalSection
	GlobalSection(NestedProjects) = preSolution
		{863DD8FE-02DB-4D10-BAD1-5CD1D7FE4F95} = {4820671F-E71C-4C19-AE73-CDB009581445}
	EndGlobalSection
EndGlobal
